
Microsoft Visual Studio Solution File, Format Version 12.00
# Visual Studio 15
VisualStudioVersion = 15.0.28307.329
MinimumVisualStudioVersion = 10.0.40219.1
Project("{9A19103F-16F7-4668-BE54-9A1E7A4F7556}") = "PokerWebApplication", "PokerWebApplication\PokerWebApplication.csproj", "{29EE3F45-A6F2-4D6E-98A0-7DE2E9D27928}"
EndProject
Project("{FAE04EC0-301F-11D3-BF4B-00C04F79EFBC}") = "PokerWebApp.DAL", "PokerWebApp.DAL\PokerWebApp.DAL.csproj", "{1AAB820C-8D36-4703-B557-4696C6370E39}"
EndProject
Global
	GlobalSection(SolutionConfigurationPlatforms) = preSolution
		Debug|Any CPU = Debug|Any CPU
		Release|Any CPU = Release|Any CPU
	EndGlobalSection
	GlobalSection(ProjectConfigurationPlatforms) = postSolution
		{29EE3F45-A6F2-4D6E-98A0-7DE2E9D27928}.Debug|Any CPU.ActiveCfg = Debug|Any CPU
		{29EE3F45-A6F2-4D6E-98A0-7DE2E9D27928}.Debug|Any CPU.Build.0 = Debug|Any CPU
		{29EE3F45-A6F2-4D6E-98A0-7DE2E9D27928}.Release|Any CPU.ActiveCfg = Release|Any CPU
		{29EE3F45-A6F2-4D6E-98A0-7DE2E9D27928}.Release|Any CPU.Build.0 = Release|Any CPU
		{1AAB820C-8D36-4703-B557-4696C6370E39}.Debug|Any CPU.ActiveCfg = Debug|Any CPU
		{1AAB820C-8D36-4703-B557-4696C6370E39}.Debug|Any CPU.Build.0 = Debug|Any CPU
		{1AAB820C-8D36-4703-B557-4696C6370E39}.Release|Any CPU.ActiveCfg = Release|Any CPU
		{1AAB820C-8D36-4703-B557-4696C6370E39}.Release|Any CPU.Build.0 = Release|Any CPU
	EndGlobalSection
	GlobalSection(SolutionProperties) = preSolution
		HideSolutionNode = FALSE
	EndGlobalSection
	GlobalSection(ExtensibilityGlobals) = postSolution
		SolutionGuid = {F0730676-5E9D-43CC-84ED-F65095726B61}
	EndGlobalSection
EndGlobal
